
Microsoft Visual Studio Solution File, Format Version 11.00
# Visual Studio 2010
Project("{FAE04EC0-301F-11D3-BF4B-00C04F79EFBC}") = "UnityEngine.UI", "UnityEngine.UI.csproj", "{82C83296-5E1F-38BD-31BE-036F6C593186}"
EndProject
Project("{FAE04EC0-301F-11D3-BF4B-00C04F79EFBC}") = "Assembly-CSharp", "Assembly-CSharp.csproj", "{D3569663-EFDF-C140-3449-20EDF0BC5B01}"
EndProject
Project("{FAE04EC0-301F-11D3-BF4B-00C04F79EFBC}") = "Unity.2D.Sprite.Editor", "Unity.2D.Sprite.Editor.csproj", "{FBB2CDF2-AAA5-7EAB-821A-F38A0B521C50}"
EndProject
Project("{FAE04EC0-301F-11D3-BF4B-00C04F79EFBC}") = "UnityEditor.UI", "UnityEditor.UI.csproj", "{DE563F10-3DF8-F44D-E2D3-67CAD78DCC08}"
EndProject
Project("{FAE04EC0-301F-11D3-BF4B-00C04F79EFBC}") = "Unity.2D.Tilemap.Editor", "Unity.2D.Tilemap.Editor.csproj", "{37F519ED-3CF9-DF8D-7F36-32A426DAD797}"
EndProject
Global
	GlobalSection(SolutionConfigurationPlatforms) = preSolution
		Debug|Any CPU = Debug|Any CPU
		Release|Any CPU = Release|Any CPU
	EndGlobalSection
	GlobalSection(ProjectConfigurationPlatforms) = postSolution
		{82C83296-5E1F-38BD-31BE-036F6C593186}.Debug|Any CPU.ActiveCfg = Debug|Any CPU
		{82C83296-5E1F-38BD-31BE-036F6C593186}.Debug|Any CPU.Build.0 = Debug|Any CPU
		{82C83296-5E1F-38BD-31BE-036F6C593186}.Release|Any CPU.ActiveCfg = Release|Any CPU
		{82C83296-5E1F-38BD-31BE-036F6C593186}.Release|Any CPU.Build.0 = Release|Any CPU
		{D3569663-EFDF-C140-3449-20EDF0BC5B01}.Debug|Any CPU.ActiveCfg = Debug|Any CPU
		{D3569663-EFDF-C140-3449-20EDF0BC5B01}.Debug|Any CPU.Build.0 = Debug|Any CPU
		{D3569663-EFDF-C140-3449-20EDF0BC5B01}.Release|Any CPU.ActiveCfg = Release|Any CPU
		{D3569663-EFDF-C140-3449-20EDF0BC5B01}.Release|Any CPU.Build.0 = Release|Any CPU
		{FBB2CDF2-AAA5-7EAB-821A-F38A0B521C50}.Debug|Any CPU.ActiveCfg = Debug|Any CPU
		{FBB2CDF2-AAA5-7EAB-821A-F38A0B521C50}.Debug|Any CPU.Build.0 = Debug|Any CPU
		{FBB2CDF2-AAA5-7EAB-821A-F38A0B521C50}.Release|Any CPU.ActiveCfg = Release|Any CPU
		{FBB2CDF2-AAA5-7EAB-821A-F38A0B521C50}.Release|Any CPU.Build.0 = Release|Any CPU
		{DE563F10-3DF8-F44D-E2D3-67CAD78DCC08}.Debug|Any CPU.ActiveCfg = Debug|Any CPU
		{DE563F10-3DF8-F44D-E2D3-67CAD78DCC08}.Debug|Any CPU.Build.0 = Debug|Any CPU
		{DE563F10-3DF8-F44D-E2D3-67CAD78DCC08}.Release|Any CPU.ActiveCfg = Release|Any CPU
		{DE563F10-3DF8-F44D-E2D3-67CAD78DCC08}.Release|Any CPU.Build.0 = Release|Any CPU
		{37F519ED-3CF9-DF8D-7F36-32A426DAD797}.Debug|Any CPU.ActiveCfg = Debug|Any CPU
		{37F519ED-3CF9-DF8D-7F36-32A426DAD797}.Debug|Any CPU.Build.0 = Debug|Any CPU
		{37F519ED-3CF9-DF8D-7F36-32A426DAD797}.Release|Any CPU.ActiveCfg = Release|Any CPU
		{37F519ED-3CF9-DF8D-7F36-32A426DAD797}.Release|Any CPU.Build.0 = Release|Any CPU
	EndGlobalSection
	GlobalSection(SolutionProperties) = preSolution
		HideSolutionNode = FALSE
	EndGlobalSection
EndGlobal
